lockfileVersion: 5.4

specifiers:
  qiankun: ^2.8.4

dependencies:
  qiankun: 2.8.4

packages:

  /@babel/runtime/7.20.7:
    resolution: {integrity: sha512-UF0tvkUtxwAgZ5W/KrkHf0Rn0fdnLDU9ScxBrEVNUprE/MzirjK4MJUX1/BVDv00Sv8cljtukVK1aky++X1SjQ==}
    engines: {node: '>=6.9.0'}
    dependencies:
      regenerator-runtime: 0.13.11
    dev: false

  /import-html-entry/1.14.0:
    resolution: {integrity: sha512-CQQMV+2rxHCLMSXsajV1cjT1g6xi3ujMAPnGwR96xHaN5/JEVIOUGkM7LDRn73dk8E8NaHmOf3rvPPExPPe1xw==}
    dependencies:
      '@babel/runtime': 7.20.7
    dev: false

  /lodash/4.17.21:
    resolution: {integrity: sha512-v2kDEe57lecTulaDIuNTPy3Ry4gLGJ6Z1O3vE1krgXZNrsQ+LFTGHVxVjcXPs17LhbZVGedAJv8XZ1tvj5FvSg==}
    dev: false

  /qiankun/2.8.4:
    resolution: {integrity: sha512-9MCKTJZpb0L7CcWC80jNr4TZz9m2Pvh9QWHNKJ7vZAEUMRZBbMl3+wCV1VBcUJJIgfRMU5G+ksoW142rMFA0Ew==}
    dependencies:
      '@babel/runtime': 7.20.7
      import-html-entry: 1.14.0
      lodash: 4.17.21
      single-spa: 5.9.4
    dev: false

  /regenerator-runtime/0.13.11:
    resolution: {integrity: sha512-kY1AZVr2Ra+t+piVaJ4gxaFaReZVH40AKNo7UCX6W+dEwBo/2oZJzqfuN1qLq1oL45o56cPaTXELwrTh8Fpggg==}
    dev: false

  /single-spa/5.9.4:
    resolution: {integrity: sha512-QkEoh0AzGuU82qnbUUk0ydF78QbU5wMKqKKJn7uUQfBiOYlRQEfIOpLM4m23Sab+kTOLI1kbYhYeiQ7fX5KVVw==}
    dev: false
